
Microsoft Visual Studio Solution File, Format Version 12.00
# Visual Studio 2013
VisualStudioVersion = 12.0.30501.0
MinimumVisualStudioVersion = 10.0.40219.1
Project("{FAE04EC0-301F-11D3-BF4B-00C04F79EFBC}") = "RemoteControllerClient", "RemoteController\RemoteControllerClient.csproj", "{8282E870-D3A8-4EC9-8DB4-587372919217}"
EndProject
Project("{FAE04EC0-301F-11D3-BF4B-00C04F79EFBC}") = "RemoteControllerServer", "RemoteControllerServer\RemoteControllerServer.csproj", "{A08B16F3-2D81-4A33-8BCF-2016B549D841}"
EndProject
Project("{FAE04EC0-301F-11D3-BF4B-00C04F79EFBC}") = "Utils", "Library\Utils.csproj", "{EF912AA1-1D87-448C-A8DB-C1F76C532044}"
EndProject
Global
	GlobalSection(SolutionConfigurationPlatforms) = preSolution
		Debug|Any CPU = Debug|Any CPU
		Release|Any CPU = Release|Any CPU
	EndGlobalSection
	GlobalSection(ProjectConfigurationPlatforms) = postSolution
		{8282E870-D3A8-4EC9-8DB4-587372919217}.Debug|Any CPU.ActiveCfg = Debug|Any CPU
		{8282E870-D3A8-4EC9-8DB4-587372919217}.Debug|Any CPU.Build.0 = Debug|Any CPU
		{8282E870-D3A8-4EC9-8DB4-587372919217}.Release|Any CPU.ActiveCfg = Release|Any CPU
		{8282E870-D3A8-4EC9-8DB4-587372919217}.Release|Any CPU.Build.0 = Release|Any CPU
		{A08B16F3-2D81-4A33-8BCF-2016B549D841}.Debug|Any CPU.ActiveCfg = Debug|Any CPU
		{A08B16F3-2D81-4A33-8BCF-2016B549D841}.Debug|Any CPU.Build.0 = Debug|Any CPU
		{A08B16F3-2D81-4A33-8BCF-2016B549D841}.Release|Any CPU.ActiveCfg = Release|Any CPU
		{A08B16F3-2D81-4A33-8BCF-2016B549D841}.Release|Any CPU.Build.0 = Release|Any CPU
		{EF912AA1-1D87-448C-A8DB-C1F76C532044}.Debug|Any CPU.ActiveCfg = Debug|Any CPU
		{EF912AA1-1D87-448C-A8DB-C1F76C532044}.Debug|Any CPU.Build.0 = Debug|Any CPU
		{EF912AA1-1D87-448C-A8DB-C1F76C532044}.Release|Any CPU.ActiveCfg = Release|Any CPU
		{EF912AA1-1D87-448C-A8DB-C1F76C532044}.Release|Any CPU.Build.0 = Release|Any CPU
	EndGlobalSection
	GlobalSection(SolutionProperties) = preSolution
		HideSolutionNode = FALSE
	EndGlobalSection
EndGlobal
